
Microsoft Visual Studio Solution File, Format Version 12.00
# Visual Studio Version 17
VisualStudioVersion = 17.4.33103.184
MinimumVisualStudioVersion = 10.0.40219.1
Project("{FAE04EC0-301F-11D3-BF4B-00C04F79EFBC}") = "webapi.filmes.tarde", "webapi.filmes.tarde.csproj", "{964D9013-682B-45ED-AB35-0B9B1DE13C81}"
EndProject
Global
	GlobalSection(SolutionConfigurationPlatforms) = preSolution
		Debug|Any CPU = Debug|Any CPU
		Release|Any CPU = Release|Any CPU
	EndGlobalSection
	GlobalSection(ProjectConfigurationPlatforms) = postSolution
		{964D9013-682B-45ED-AB35-0B9B1DE13C81}.Debug|Any CPU.ActiveCfg = Debug|Any CPU
		{964D9013-682B-45ED-AB35-0B9B1DE13C81}.Debug|Any CPU.Build.0 = Debug|Any CPU
		{964D9013-682B-45ED-AB35-0B9B1DE13C81}.Release|Any CPU.ActiveCfg = Release|Any CPU
		{964D9013-682B-45ED-AB35-0B9B1DE13C81}.Release|Any CPU.Build.0 = Release|Any CPU
	EndGlobalSection
	GlobalSection(SolutionProperties) = preSolution
		HideSolutionNode = FALSE
	EndGlobalSection
	GlobalSection(ExtensibilityGlobals) = postSolution
		SolutionGuid = {97885603-C686-4CF5-81CC-CA6BAD8D8566}
	EndGlobalSection
EndGlobal
